
Microsoft Visual Studio Solution File, Format Version 12.00
# Visual Studio 2013
VisualStudioVersion = 12.0.31101.0
MinimumVisualStudioVersion = 10.0.40219.1
Project("{8BC9CEB8-8B4A-11D0-8D11-00A0C91BC942}") = "Signals", "Signals.vcxproj", "{57A4E604-C307-43D4-9519-61F966F9E6AB}"
EndProject
Global
	GlobalSection(SolutionConfigurationPlatforms) = preSolution
		Debug|Win32 = Debug|Win32
		Release|Win32 = Release|Win32
	EndGlobalSection
	GlobalSection(ProjectConfigurationPlatforms) = postSolution
		{57A4E604-C307-43D4-9519-61F966F9E6AB}.Debug|Win32.ActiveCfg = Debug|Win32
		{57A4E604-C307-43D4-9519-61F966F9E6AB}.Debug|Win32.Build.0 = Debug|Win32
		{57A4E604-C307-43D4-9519-61F966F9E6AB}.Release|Win32.ActiveCfg = Release|Win32
		{57A4E604-C307-43D4-9519-61F966F9E6AB}.Release|Win32.Build.0 = Release|Win32
	EndGlobalSection
	GlobalSection(SolutionProperties) = preSolution
		HideSolutionNode = FALSE
	EndGlobalSection
EndGlobal
